github.com/jeanphorn/log4go v0.0.0-20190526082429-7dbb8deb9468 h1:1C4yN/psU4rpTqmuN8ZU7uzMyIvM8m4m6xgy6W0e/5k=
github.com/jeanphorn/log4go v0.0.0-20190526082429-7dbb8deb9468/go.mod h1:VRGsDaBwSjfG6KG3PtW5uoGc+iqzEG3jEdo2b1ZwSJc=
github.com/pkg/errors v0.9.1 h1:FEBLx1zS214owpjy7qsBeixbURkuhQAwrK5UwLGTwt4=
github.com/pkg/errors v0.9.1/go.mod h1:bwawxfHBFNV+L2hUp1rHADufV3IMtnDRdf1r5NINEl0=
github.com/toolkits/file v0.0.0-20160325033739-a5b3c5147e07 h1:d/VUIMNTk65Xz69htmRPNfjypq2uNRqVsymcXQu6kKk=
github.com/toolkits/file v0.0.0-20160325033739-a5b3c5147e07/go.mod h1:FbXpUxsx5in7z/OrWFDdhYetOy3/VGIJsVHN9G7RUPA=
